
Microsoft Visual Studio Solution File, Format Version 12.00
# Visual Studio Version 16
VisualStudioVersion = 16.0.30225.117
MinimumVisualStudioVersion = 10.0.40219.1
Project("{FAE04EC0-301F-11D3-BF4B-00C04F79EFBC}") = "TwentyOne", "TwentyOne\TwentyOne.csproj", "{D96CCBDC-68D9-480B-BFF7-647F16DAE9E8}"
EndProject
Project("{FAE04EC0-301F-11D3-BF4B-00C04F79EFBC}") = "Casino", "Casino\Casino.csproj", "{BF26EF0C-6F87-4F5D-BBD1-19A928372854}"
EndProject
Global
	GlobalSection(SolutionConfigurationPlatforms) = preSolution
		Debug|Any CPU = Debug|Any CPU
		Release|Any CPU = Release|Any CPU
	EndGlobalSection
	GlobalSection(ProjectConfigurationPlatforms) = postSolution
		{D96CCBDC-68D9-480B-BFF7-647F16DAE9E8}.Debug|Any CPU.ActiveCfg = Debug|Any CPU
		{D96CCBDC-68D9-480B-BFF7-647F16DAE9E8}.Debug|Any CPU.Build.0 = Debug|Any CPU
		{D96CCBDC-68D9-480B-BFF7-647F16DAE9E8}.Release|Any CPU.ActiveCfg = Release|Any CPU
		{D96CCBDC-68D9-480B-BFF7-647F16DAE9E8}.Release|Any CPU.Build.0 = Release|Any CPU
		{BF26EF0C-6F87-4F5D-BBD1-19A928372854}.Debug|Any CPU.ActiveCfg = Debug|Any CPU
		{BF26EF0C-6F87-4F5D-BBD1-19A928372854}.Debug|Any CPU.Build.0 = Debug|Any CPU
		{BF26EF0C-6F87-4F5D-BBD1-19A928372854}.Release|Any CPU.ActiveCfg = Release|Any CPU
		{BF26EF0C-6F87-4F5D-BBD1-19A928372854}.Release|Any CPU.Build.0 = Release|Any CPU
	EndGlobalSection
	GlobalSection(SolutionProperties) = preSolution
		HideSolutionNode = FALSE
	EndGlobalSection
	GlobalSection(ExtensibilityGlobals) = postSolution
		SolutionGuid = {042FA92C-1A2C-4F18-B4E5-4E0912A3CE61}
	EndGlobalSection
EndGlobal
