
Microsoft Visual Studio Solution File, Format Version 12.00
# Visual Studio Version 16
VisualStudioVersion = 16.0.30225.117
MinimumVisualStudioVersion = 10.0.40219.1
Project("{FAE04EC0-301F-11D3-BF4B-00C04F79EFBC}") = "Void Class", "Void Class\Void Class.csproj", "{CC14B933-1A71-4C8A-9F19-27188F945FB8}"
EndProject
Global
	GlobalSection(SolutionConfigurationPlatforms) = preSolution
		Debug|Any CPU = Debug|Any CPU
		Release|Any CPU = Release|Any CPU
	EndGlobalSection
	GlobalSection(ProjectConfigurationPlatforms) = postSolution
		{CC14B933-1A71-4C8A-9F19-27188F945FB8}.Debug|Any CPU.ActiveCfg = Debug|Any CPU
		{CC14B933-1A71-4C8A-9F19-27188F945FB8}.Debug|Any CPU.Build.0 = Debug|Any CPU
		{CC14B933-1A71-4C8A-9F19-27188F945FB8}.Release|Any CPU.ActiveCfg = Release|Any CPU
		{CC14B933-1A71-4C8A-9F19-27188F945FB8}.Release|Any CPU.Build.0 = Release|Any CPU
	EndGlobalSection
	GlobalSection(SolutionProperties) = preSolution
		HideSolutionNode = FALSE
	EndGlobalSection
	GlobalSection(ExtensibilityGlobals) = postSolution
		SolutionGuid = {34D5A042-B9F4-4CF3-9DEC-7E32ECECE5AB}
	EndGlobalSection
EndGlobal
