
Microsoft Visual Studio Solution File, Format Version 12.00
# Visual Studio Version 16
VisualStudioVersion = 16.0.30225.117
MinimumVisualStudioVersion = 10.0.40219.1
Project("{FAE04EC0-301F-11D3-BF4B-00C04F79EFBC}") = "Assignment pg 310 Additional Features", "Assignment pg 310 Additional Features\Assignment pg 310 Additional Features.csproj", "{7014F46B-3F1C-4A34-95CA-096F8ED57CB7}"
EndProject
Global
	GlobalSection(SolutionConfigurationPlatforms) = preSolution
		Debug|Any CPU = Debug|Any CPU
		Release|Any CPU = Release|Any CPU
	EndGlobalSection
	GlobalSection(ProjectConfigurationPlatforms) = postSolution
		{7014F46B-3F1C-4A34-95CA-096F8ED57CB7}.Debug|Any CPU.ActiveCfg = Debug|Any CPU
		{7014F46B-3F1C-4A34-95CA-096F8ED57CB7}.Debug|Any CPU.Build.0 = Debug|Any CPU
		{7014F46B-3F1C-4A34-95CA-096F8ED57CB7}.Release|Any CPU.ActiveCfg = Release|Any CPU
		{7014F46B-3F1C-4A34-95CA-096F8ED57CB7}.Release|Any CPU.Build.0 = Release|Any CPU
	EndGlobalSection
	GlobalSection(SolutionProperties) = preSolution
		HideSolutionNode = FALSE
	EndGlobalSection
	GlobalSection(ExtensibilityGlobals) = postSolution
		SolutionGuid = {12B2D810-7076-4115-B0B3-A933B7965C6E}
	EndGlobalSection
EndGlobal
