
Microsoft Visual Studio Solution File, Format Version 12.00
# Visual Studio Version 16
VisualStudioVersion = 16.0.30225.117
MinimumVisualStudioVersion = 10.0.40219.1
Project("{FAE04EC0-301F-11D3-BF4B-00C04F79EFBC}") = "Assignment pg 260 struct", "Assignment pg 260 struct\Assignment pg 260 struct.csproj", "{450742A8-FE5E-4DE5-9A04-B5B9EC7BF405}"
EndProject
Global
	GlobalSection(SolutionConfigurationPlatforms) = preSolution
		Debug|Any CPU = Debug|Any CPU
		Release|Any CPU = Release|Any CPU
	EndGlobalSection
	GlobalSection(ProjectConfigurationPlatforms) = postSolution
		{450742A8-FE5E-4DE5-9A04-B5B9EC7BF405}.Debug|Any CPU.ActiveCfg = Debug|Any CPU
		{450742A8-FE5E-4DE5-9A04-B5B9EC7BF405}.Debug|Any CPU.Build.0 = Debug|Any CPU
		{450742A8-FE5E-4DE5-9A04-B5B9EC7BF405}.Release|Any CPU.ActiveCfg = Release|Any CPU
		{450742A8-FE5E-4DE5-9A04-B5B9EC7BF405}.Release|Any CPU.Build.0 = Release|Any CPU
	EndGlobalSection
	GlobalSection(SolutionProperties) = preSolution
		HideSolutionNode = FALSE
	EndGlobalSection
	GlobalSection(ExtensibilityGlobals) = postSolution
		SolutionGuid = {3083CA66-1EFC-4D44-9A3A-5C1869A3A6F6}
	EndGlobalSection
EndGlobal
